
Microsoft Visual Studio Solution File, Format Version 12.00
# Visual Studio Version 16
VisualStudioVersion = 16.0.29230.61
MinimumVisualStudioVersion = 10.0.40219.1
Project("{2150E333-8FDC-42A3-9474-1A3956D46DE8}") = "src", "src", "{BDCB0802-E321-467A-91B9-E488A056E596}"
EndProject
Project("{FAE04EC0-301F-11D3-BF4B-00C04F79EFBC}") = "PluginHostService", "src\PluginHostService\PluginHostService.csproj", "{A59BAFA5-AE9D-41F3-9ACF-F3C5EA292F27}"
EndProject
Global
	GlobalSection(SolutionProperties) = preSolution
		HideSolutionNode = FALSE
	EndGlobalSection
	GlobalSection(ExtensibilityGlobals) = postSolution
		SolutionGuid = {D631144B-6295-4BF0-9BB9-800CA941E920}
	EndGlobalSection
	GlobalSection(SolutionConfigurationPlatforms) = preSolution
		Debug|Any CPU = Debug|Any CPU
		Debug|x64 = Debug|x64
		Debug|x86 = Debug|x86
		Release|Any CPU = Release|Any CPU
		Release|x64 = Release|x64
		Release|x86 = Release|x86
	EndGlobalSection
	GlobalSection(ProjectConfigurationPlatforms) = postSolution
		{A59BAFA5-AE9D-41F3-9ACF-F3C5EA292F27}.Debug|Any CPU.ActiveCfg = Debug|Any CPU
		{A59BAFA5-AE9D-41F3-9ACF-F3C5EA292F27}.Debug|Any CPU.Build.0 = Debug|Any CPU
		{A59BAFA5-AE9D-41F3-9ACF-F3C5EA292F27}.Debug|x64.ActiveCfg = Debug|Any CPU
		{A59BAFA5-AE9D-41F3-9ACF-F3C5EA292F27}.Debug|x64.Build.0 = Debug|Any CPU
		{A59BAFA5-AE9D-41F3-9ACF-F3C5EA292F27}.Debug|x86.ActiveCfg = Debug|Any CPU
		{A59BAFA5-AE9D-41F3-9ACF-F3C5EA292F27}.Debug|x86.Build.0 = Debug|Any CPU
		{A59BAFA5-AE9D-41F3-9ACF-F3C5EA292F27}.Release|Any CPU.ActiveCfg = Release|Any CPU
		{A59BAFA5-AE9D-41F3-9ACF-F3C5EA292F27}.Release|Any CPU.Build.0 = Release|Any CPU
		{A59BAFA5-AE9D-41F3-9ACF-F3C5EA292F27}.Release|x64.ActiveCfg = Release|Any CPU
		{A59BAFA5-AE9D-41F3-9ACF-F3C5EA292F27}.Release|x64.Build.0 = Release|Any CPU
		{A59BAFA5-AE9D-41F3-9ACF-F3C5EA292F27}.Release|x86.ActiveCfg = Release|Any CPU
		{A59BAFA5-AE9D-41F3-9ACF-F3C5EA292F27}.Release|x86.Build.0 = Release|Any CPU
	EndGlobalSection
	GlobalSection(NestedProjects) = preSolution
		{A59BAFA5-AE9D-41F3-9ACF-F3C5EA292F27} = {BDCB0802-E321-467A-91B9-E488A056E596}
	EndGlobalSection
EndGlobal
